
Microsoft Visual Studio Solution File, Format Version 12.00
# Visual Studio Version 16
VisualStudioVersion = 16.0.31129.286
MinimumVisualStudioVersion = 10.0.40219.1
Project("{2150E333-8FDC-42A3-9474-1A3956D46DE8}") = "ShopManagement", "ShopManagement", "{7133550F-A6E8-435A-8BD1-CCE2FCCDF718}"
EndProject
Project("{2150E333-8FDC-42A3-9474-1A3956D46DE8}") = "SM.Domain", "SM.Domain", "{60ACD6A5-B82A-4B1A-B440-553C720B3A40}"
EndProject
Project("{9A19103F-16F7-4668-BE54-9A1E7A4F7556}") = "ShopManagement.Domain", "ShopManagement.Domain\ShopManagement.Domain.csproj", "{82280134-0C96-45A5-BE8F-35ED46F9EA54}"
EndProject
Project("{9A19103F-16F7-4668-BE54-9A1E7A4F7556}") = "0_Framework", "0_Framework\0_Framework.csproj", "{3EE2A8BC-C966-42F1-B3B2-A04089B16CEE}"
EndProject
Project("{2150E333-8FDC-42A3-9474-1A3956D46DE8}") = "SM.Application", "SM.Application", "{ED51BED1-047C-43E1-B4DF-E76F57F31F36}"
EndProject
Project("{2150E333-8FDC-42A3-9474-1A3956D46DE8}") = "SM.Infrastructure", "SM.Infrastructure", "{5BB729B9-DED2-471D-9531-3A1661FCEABE}"
EndProject
Project("{9A19103F-16F7-4668-BE54-9A1E7A4F7556}") = "ShopManagement.Application.Contract", "ShopManagement.Application.Contract\ShopManagement.Application.Contract.csproj", "{7DA12F67-71CC-4943-A526-5799ECDE0307}"
EndProject
Project("{9A19103F-16F7-4668-BE54-9A1E7A4F7556}") = "ShopManagement.Application", "ShopManagement.Application\ShopManagement.Application.csproj", "{DAFE0C75-CCC9-4DC3-B983-D957F7835303}"
EndProject
Project("{9A19103F-16F7-4668-BE54-9A1E7A4F7556}") = "ShopManagement.Infrastructure", "ShopManagement.Infrastructure\ShopManagement.Infrastructure.csproj", "{F20C177F-4778-46CB-A633-65EECD75CD02}"
EndProject
Project("{9A19103F-16F7-4668-BE54-9A1E7A4F7556}") = "ShopManagement.Configuration", "ShopManagement.Configuration\ShopManagement.Configuration.csproj", "{06A50665-9F6F-4FA6-B7F9-3CB9135EE710}"
EndProject
Project("{9A19103F-16F7-4668-BE54-9A1E7A4F7556}") = "ServiceHost", "ServiceHost\ServiceHost.csproj", "{A4475DFD-032E-4D99-B0D0-FEEC60645EB0}"
EndProject
Project("{9A19103F-16F7-4668-BE54-9A1E7A4F7556}") = "01_eshopQuery", "01_eshopQuery\01_eshopQuery.csproj", "{FB9B4DA8-E23F-4431-9FA1-D2A043B2FE08}"
EndProject
Project("{2150E333-8FDC-42A3-9474-1A3956D46DE8}") = "DiscountManagement", "DiscountManagement", "{7902C9F8-349C-4A7C-B62E-180F609E990B}"
EndProject
Project("{2150E333-8FDC-42A3-9474-1A3956D46DE8}") = "DM.Domain", "DM.Domain", "{7FB03678-54DF-4279-BD81-67AC843F4E98}"
EndProject
Project("{2150E333-8FDC-42A3-9474-1A3956D46DE8}") = "DM.Application", "DM.Application", "{3C3C1990-82E1-4D6D-AB4F-6B52A0A77D67}"
EndProject
Project("{2150E333-8FDC-42A3-9474-1A3956D46DE8}") = "DM.Infrastructure", "DM.Infrastructure", "{0CC8CAC0-3425-4E57-96D8-DBE70EAD736A}"
EndProject
Project("{9A19103F-16F7-4668-BE54-9A1E7A4F7556}") = "DiscountManagement.Domain", "DiscountManagement.Domain\DiscountManagement.Domain.csproj", "{F5B8A016-6423-4F4E-BE1A-02B071319DCE}"
EndProject
Project("{9A19103F-16F7-4668-BE54-9A1E7A4F7556}") = "DiscountManagement.Application.Contracts", "DiscountManagement.Application.Contracts\DiscountManagement.Application.Contracts.csproj", "{A50766A7-A859-495F-968F-D702876EC53E}"
EndProject
Project("{9A19103F-16F7-4668-BE54-9A1E7A4F7556}") = "DiscountManagement.Application", "DiscountManagement.Application\DiscountManagement.Application.csproj", "{F4EBBB90-E2B5-40A3-B900-D2EDF876493A}"
EndProject
Project("{9A19103F-16F7-4668-BE54-9A1E7A4F7556}") = "DiscountManagement.Infrastructure.EFCore", "DiscountManagement.Infrastructure.EFCore\DiscountManagement.Infrastructure.EFCore.csproj", "{6C0CD5F5-E046-4779-A3AC-EBB7DCCDE0C9}"
EndProject
Project("{9A19103F-16F7-4668-BE54-9A1E7A4F7556}") = "DiscountManagement.Configuration", "DiscountManagement.Configuration\DiscountManagement.Configuration.csproj", "{223D88C8-DDFF-4020-ABD8-B7E603FDAE8E}"
EndProject
Project("{2150E333-8FDC-42A3-9474-1A3956D46DE8}") = "InventoryManagement", "InventoryManagement", "{FD248202-E7BB-42BA-B1B1-8DFD8A128A4E}"
EndProject
Project("{2150E333-8FDC-42A3-9474-1A3956D46DE8}") = "IN.Domain", "IN.Domain", "{06922211-70FB-4B47-91BB-712530C3EAFC}"
EndProject
Project("{9A19103F-16F7-4668-BE54-9A1E7A4F7556}") = "InventoryManagement.Domain", "InventoryManagement.Domain\InventoryManagement.Domain.csproj", "{E16B2251-D8DE-48A5-880B-6D9DEAC54796}"
EndProject
Project("{2150E333-8FDC-42A3-9474-1A3956D46DE8}") = "IN.Application", "IN.Application", "{9E716FE2-7C38-44BF-8BF3-2CE38F8395AE}"
EndProject
Project("{9A19103F-16F7-4668-BE54-9A1E7A4F7556}") = "InventoryManagement.Application.Contracts", "InventoryManagement.Application.Contracts\InventoryManagement.Application.Contracts.csproj", "{73C79C52-5115-4BE0-9D6B-3334FB5B3C88}"
EndProject
Project("{2150E333-8FDC-42A3-9474-1A3956D46DE8}") = "IN.Infrastructure", "IN.Infrastructure", "{DD671520-D5A2-46F1-B926-116C9DBE47EB}"
EndProject
Project("{9A19103F-16F7-4668-BE54-9A1E7A4F7556}") = "InventoryManagement.Infrastructure.EFCore", "InventoryManagement.Infrastructure.EFCore\InventoryManagement.Infrastructure.EFCore.csproj", "{226F1206-AF0C-4900-9B36-8CA7B2B85826}"
EndProject
Project("{9A19103F-16F7-4668-BE54-9A1E7A4F7556}") = "InventoryManagement.Configuration", "InventoryManagement.Configuration\InventoryManagement.Configuration.csproj", "{A0814740-AAA1-48D1-B3A7-1F0FCF33D890}"
EndProject
Project("{9A19103F-16F7-4668-BE54-9A1E7A4F7556}") = "InventoryManagement.Application", "InventoryManagement.Application\InventoryManagement.Application.csproj", "{E2C71262-D5E9-4CFD-9543-D5552ED1336B}"
EndProject
Project("{2150E333-8FDC-42A3-9474-1A3956D46DE8}") = "BlogManagement", "BlogManagement", "{F73A038D-324C-4ED7-A952-610079A2CFDD}"
EndProject
Project("{2150E333-8FDC-42A3-9474-1A3956D46DE8}") = "BM.Domain", "BM.Domain", "{DC73C513-2A42-41A3-920E-39BCD4027D9A}"
EndProject
Project("{2150E333-8FDC-42A3-9474-1A3956D46DE8}") = "BM.Application", "BM.Application", "{71C32ED5-A7DA-4A15-AAF7-63A3D61C32EC}"
EndProject
Project("{2150E333-8FDC-42A3-9474-1A3956D46DE8}") = "BM.Infrastracture", "BM.Infrastracture", "{70F1F632-B3F4-4F0F-915C-46120A82363C}"
EndProject
Project("{9A19103F-16F7-4668-BE54-9A1E7A4F7556}") = "BlogManagement.Domain", "BlogManagement.Domain\BlogManagement.Domain.csproj", "{75291C60-7D3D-4EC0-B1A9-F70ACD754CBB}"
EndProject
Project("{9A19103F-16F7-4668-BE54-9A1E7A4F7556}") = "BlogManagement.Application.Contracts", "BlogManagement.Application.Contracts\BlogManagement.Application.Contracts.csproj", "{3C1D8CA2-3578-4908-B2CB-31A37373D7B1}"
EndProject
Project("{9A19103F-16F7-4668-BE54-9A1E7A4F7556}") = "BlogManagement.Application", "BlogManagement.Application\BlogManagement.Application.csproj", "{67E57A69-7D6E-430A-ADB6-12EDEAD8AB1B}"
EndProject
Project("{9A19103F-16F7-4668-BE54-9A1E7A4F7556}") = "BlogManagement.Infrastructure.EFCore", "BlogManagement.Infrastructure.EFCore\BlogManagement.Infrastructure.EFCore.csproj", "{F616F6D0-C6B4-4088-9175-EACB5EDE9740}"
EndProject
Project("{9A19103F-16F7-4668-BE54-9A1E7A4F7556}") = "BlogManagementBootstrapper", "BlogManagementBootstrapper\BlogManagementBootstrapper.csproj", "{BB518975-0D2A-4FFB-A55B-CB79F9D887CF}"
EndProject
Project("{2150E333-8FDC-42A3-9474-1A3956D46DE8}") = "AccountManagement", "AccountManagement", "{97003EBF-E378-4540-B653-7DE752268704}"
EndProject
Project("{2150E333-8FDC-42A3-9474-1A3956D46DE8}") = "AM.Application", "AM.Application", "{35A31A75-C7FE-477D-A778-4D3ADD63DE2E}"
EndProject
Project("{2150E333-8FDC-42A3-9474-1A3956D46DE8}") = "AM.Domain", "AM.Domain", "{FF6CFB77-0EA4-45CF-83AF-A71CAA611AE4}"
EndProject
Project("{2150E333-8FDC-42A3-9474-1A3956D46DE8}") = "AM.Infrastructure", "AM.Infrastructure", "{4FF38B82-DA0A-49CC-ADDA-DDEAD9161AE9}"
EndProject
Project("{9A19103F-16F7-4668-BE54-9A1E7A4F7556}") = "AccountManagement.Domain", "AccountManagmant.Domain\AccountManagement.Domain.csproj", "{8493B467-E3E2-4F72-B215-79D1307A14A6}"
EndProject
Project("{9A19103F-16F7-4668-BE54-9A1E7A4F7556}") = "AccountManagement.Application.Contracts", "AccountManagement.Application.Contracts\AccountManagement.Application.Contracts.csproj", "{35CD7B19-97F5-4E80-BEE5-C4B6F45E3986}"
EndProject
Project("{9A19103F-16F7-4668-BE54-9A1E7A4F7556}") = "AccountManagement.InfrastructureEFCore", "AccountManagement.InfrastructureEFCore\AccountManagement.InfrastructureEFCore.csproj", "{A29A50ED-1FBF-42CF-BB96-8E69635C137A}"
EndProject
Project("{9A19103F-16F7-4668-BE54-9A1E7A4F7556}") = "AccountManagement.Application", "AccountManagement.Application\AccountManagement.Application.csproj", "{0A01FF85-F40B-45B0-B48C-7E5B38A1FE7C}"
EndProject
Project("{9A19103F-16F7-4668-BE54-9A1E7A4F7556}") = "AccountManagement.Configuration", "AccountManagement.Configuration\AccountManagement.Configuration.csproj", "{6511BD76-7842-4DCB-92ED-B1E4CF4A0AB7}"
EndProject
Global
	GlobalSection(SolutionConfigurationPlatforms) = preSolution
		Debug|Any CPU = Debug|Any CPU
		Release|Any CPU = Release|Any CPU
	EndGlobalSection
	GlobalSection(ProjectConfigurationPlatforms) = postSolution
		{82280134-0C96-45A5-BE8F-35ED46F9EA54}.Debug|Any CPU.ActiveCfg = Debug|Any CPU
		{82280134-0C96-45A5-BE8F-35ED46F9EA54}.Debug|Any CPU.Build.0 = Debug|Any CPU
		{82280134-0C96-45A5-BE8F-35ED46F9EA54}.Release|Any CPU.ActiveCfg = Release|Any CPU
		{82280134-0C96-45A5-BE8F-35ED46F9EA54}.Release|Any CPU.Build.0 = Release|Any CPU
		{3EE2A8BC-C966-42F1-B3B2-A04089B16CEE}.Debug|Any CPU.ActiveCfg = Debug|Any CPU
		{3EE2A8BC-C966-42F1-B3B2-A04089B16CEE}.Debug|Any CPU.Build.0 = Debug|Any CPU
		{3EE2A8BC-C966-42F1-B3B2-A04089B16CEE}.Release|Any CPU.ActiveCfg = Release|Any CPU
		{3EE2A8BC-C966-42F1-B3B2-A04089B16CEE}.Release|Any CPU.Build.0 = Release|Any CPU
		{7DA12F67-71CC-4943-A526-5799ECDE0307}.Debug|Any CPU.ActiveCfg = Debug|Any CPU
		{7DA12F67-71CC-4943-A526-5799ECDE0307}.Debug|Any CPU.Build.0 = Debug|Any CPU
		{7DA12F67-71CC-4943-A526-5799ECDE0307}.Release|Any CPU.ActiveCfg = Release|Any CPU
		{7DA12F67-71CC-4943-A526-5799ECDE0307}.Release|Any CPU.Build.0 = Release|Any CPU
		{DAFE0C75-CCC9-4DC3-B983-D957F7835303}.Debug|Any CPU.ActiveCfg = Debug|Any CPU
		{DAFE0C75-CCC9-4DC3-B983-D957F7835303}.Debug|Any CPU.Build.0 = Debug|Any CPU
		{DAFE0C75-CCC9-4DC3-B983-D957F7835303}.Release|Any CPU.ActiveCfg = Release|Any CPU
		{DAFE0C75-CCC9-4DC3-B983-D957F7835303}.Release|Any CPU.Build.0 = Release|Any CPU
		{F20C177F-4778-46CB-A633-65EECD75CD02}.Debug|Any CPU.ActiveCfg = Debug|Any CPU
		{F20C177F-4778-46CB-A633-65EECD75CD02}.Debug|Any CPU.Build.0 = Debug|Any CPU
		{F20C177F-4778-46CB-A633-65EECD75CD02}.Release|Any CPU.ActiveCfg = Release|Any CPU
		{F20C177F-4778-46CB-A633-65EECD75CD02}.Release|Any CPU.Build.0 = Release|Any CPU
		{06A50665-9F6F-4FA6-B7F9-3CB9135EE710}.Debug|Any CPU.ActiveCfg = Debug|Any CPU
		{06A50665-9F6F-4FA6-B7F9-3CB9135EE710}.Debug|Any CPU.Build.0 = Debug|Any CPU
		{06A50665-9F6F-4FA6-B7F9-3CB9135EE710}.Release|Any CPU.ActiveCfg = Release|Any CPU
		{06A50665-9F6F-4FA6-B7F9-3CB9135EE710}.Release|Any CPU.Build.0 = Release|Any CPU
		{A4475DFD-032E-4D99-B0D0-FEEC60645EB0}.Debug|Any CPU.ActiveCfg = Debug|Any CPU
		{A4475DFD-032E-4D99-B0D0-FEEC60645EB0}.Debug|Any CPU.Build.0 = Debug|Any CPU
		{A4475DFD-032E-4D99-B0D0-FEEC60645EB0}.Release|Any CPU.ActiveCfg = Release|Any CPU
		{A4475DFD-032E-4D99-B0D0-FEEC60645EB0}.Release|Any CPU.Build.0 = Release|Any CPU
		{FB9B4DA8-E23F-4431-9FA1-D2A043B2FE08}.Debug|Any CPU.ActiveCfg = Debug|Any CPU
		{FB9B4DA8-E23F-4431-9FA1-D2A043B2FE08}.Debug|Any CPU.Build.0 = Debug|Any CPU
		{FB9B4DA8-E23F-4431-9FA1-D2A043B2FE08}.Release|Any CPU.ActiveCfg = Release|Any CPU
		{FB9B4DA8-E23F-4431-9FA1-D2A043B2FE08}.Release|Any CPU.Build.0 = Release|Any CPU
		{F5B8A016-6423-4F4E-BE1A-02B071319DCE}.Debug|Any CPU.ActiveCfg = Debug|Any CPU
		{F5B8A016-6423-4F4E-BE1A-02B071319DCE}.Debug|Any CPU.Build.0 = Debug|Any CPU
		{F5B8A016-6423-4F4E-BE1A-02B071319DCE}.Release|Any CPU.ActiveCfg = Release|Any CPU
		{F5B8A016-6423-4F4E-BE1A-02B071319DCE}.Release|Any CPU.Build.0 = Release|Any CPU
		{A50766A7-A859-495F-968F-D702876EC53E}.Debug|Any CPU.ActiveCfg = Debug|Any CPU
		{A50766A7-A859-495F-968F-D702876EC53E}.Debug|Any CPU.Build.0 = Debug|Any CPU
		{A50766A7-A859-495F-968F-D702876EC53E}.Release|Any CPU.ActiveCfg = Release|Any CPU
		{A50766A7-A859-495F-968F-D702876EC53E}.Release|Any CPU.Build.0 = Release|Any CPU
		{F4EBBB90-E2B5-40A3-B900-D2EDF876493A}.Debug|Any CPU.ActiveCfg = Debug|Any CPU
		{F4EBBB90-E2B5-40A3-B900-D2EDF876493A}.Debug|Any CPU.Build.0 = Debug|Any CPU
		{F4EBBB90-E2B5-40A3-B900-D2EDF876493A}.Release|Any CPU.ActiveCfg = Release|Any CPU
		{F4EBBB90-E2B5-40A3-B900-D2EDF876493A}.Release|Any CPU.Build.0 = Release|Any CPU
		{6C0CD5F5-E046-4779-A3AC-EBB7DCCDE0C9}.Debug|Any CPU.ActiveCfg = Debug|Any CPU
		{6C0CD5F5-E046-4779-A3AC-EBB7DCCDE0C9}.Debug|Any CPU.Build.0 = Debug|Any CPU
		{6C0CD5F5-E046-4779-A3AC-EBB7DCCDE0C9}.Release|Any CPU.ActiveCfg = Release|Any CPU
		{6C0CD5F5-E046-4779-A3AC-EBB7DCCDE0C9}.Release|Any CPU.Build.0 = Release|Any CPU
		{223D88C8-DDFF-4020-ABD8-B7E603FDAE8E}.Debug|Any CPU.ActiveCfg = Debug|Any CPU
		{223D88C8-DDFF-4020-ABD8-B7E603FDAE8E}.Debug|Any CPU.Build.0 = Debug|Any CPU
		{223D88C8-DDFF-4020-ABD8-B7E603FDAE8E}.Release|Any CPU.ActiveCfg = Release|Any CPU
		{223D88C8-DDFF-4020-ABD8-B7E603FDAE8E}.Release|Any CPU.Build.0 = Release|Any CPU
		{E16B2251-D8DE-48A5-880B-6D9DEAC54796}.Debug|Any CPU.ActiveCfg = Debug|Any CPU
		{E16B2251-D8DE-48A5-880B-6D9DEAC54796}.Debug|Any CPU.Build.0 = Debug|Any CPU
		{E16B2251-D8DE-48A5-880B-6D9DEAC54796}.Release|Any CPU.ActiveCfg = Release|Any CPU
		{E16B2251-D8DE-48A5-880B-6D9DEAC54796}.Release|Any CPU.Build.0 = Release|Any CPU
		{73C79C52-5115-4BE0-9D6B-3334FB5B3C88}.Debug|Any CPU.ActiveCfg = Debug|Any CPU
		{73C79C52-5115-4BE0-9D6B-3334FB5B3C88}.Debug|Any CPU.Build.0 = Debug|Any CPU
		{73C79C52-5115-4BE0-9D6B-3334FB5B3C88}.Release|Any CPU.ActiveCfg = Release|Any CPU
		{73C79C52-5115-4BE0-9D6B-3334FB5B3C88}.Release|Any CPU.Build.0 = Release|Any CPU
		{226F1206-AF0C-4900-9B36-8CA7B2B85826}.Debug|Any CPU.ActiveCfg = Debug|Any CPU
		{226F1206-AF0C-4900-9B36-8CA7B2B85826}.Debug|Any CPU.Build.0 = Debug|Any CPU
		{226F1206-AF0C-4900-9B36-8CA7B2B85826}.Release|Any CPU.ActiveCfg = Release|Any CPU
		{226F1206-AF0C-4900-9B36-8CA7B2B85826}.Release|Any CPU.Build.0 = Release|Any CPU
		{A0814740-AAA1-48D1-B3A7-1F0FCF33D890}.Debug|Any CPU.ActiveCfg = Debug|Any CPU
		{A0814740-AAA1-48D1-B3A7-1F0FCF33D890}.Debug|Any CPU.Build.0 = Debug|Any CPU
		{A0814740-AAA1-48D1-B3A7-1F0FCF33D890}.Release|Any CPU.ActiveCfg = Release|Any CPU
		{A0814740-AAA1-48D1-B3A7-1F0FCF33D890}.Release|Any CPU.Build.0 = Release|Any CPU
		{E2C71262-D5E9-4CFD-9543-D5552ED1336B}.Debug|Any CPU.ActiveCfg = Debug|Any CPU
		{E2C71262-D5E9-4CFD-9543-D5552ED1336B}.Debug|Any CPU.Build.0 = Debug|Any CPU
		{E2C71262-D5E9-4CFD-9543-D5552ED1336B}.Release|Any CPU.ActiveCfg = Release|Any CPU
		{E2C71262-D5E9-4CFD-9543-D5552ED1336B}.Release|Any CPU.Build.0 = Release|Any CPU
		{75291C60-7D3D-4EC0-B1A9-F70ACD754CBB}.Debug|Any CPU.ActiveCfg = Debug|Any CPU
		{75291C60-7D3D-4EC0-B1A9-F70ACD754CBB}.Debug|Any CPU.Build.0 = Debug|Any CPU
		{75291C60-7D3D-4EC0-B1A9-F70ACD754CBB}.Release|Any CPU.ActiveCfg = Release|Any CPU
		{75291C60-7D3D-4EC0-B1A9-F70ACD754CBB}.Release|Any CPU.Build.0 = Release|Any CPU
		{3C1D8CA2-3578-4908-B2CB-31A37373D7B1}.Debug|Any CPU.ActiveCfg = Debug|Any CPU
		{3C1D8CA2-3578-4908-B2CB-31A37373D7B1}.Debug|Any CPU.Build.0 = Debug|Any CPU
		{3C1D8CA2-3578-4908-B2CB-31A37373D7B1}.Release|Any CPU.ActiveCfg = Release|Any CPU
		{3C1D8CA2-3578-4908-B2CB-31A37373D7B1}.Release|Any CPU.Build.0 = Release|Any CPU
		{67E57A69-7D6E-430A-ADB6-12EDEAD8AB1B}.Debug|Any CPU.ActiveCfg = Debug|Any CPU
		{67E57A69-7D6E-430A-ADB6-12EDEAD8AB1B}.Debug|Any CPU.Build.0 = Debug|Any CPU
		{67E57A69-7D6E-430A-ADB6-12EDEAD8AB1B}.Release|Any CPU.ActiveCfg = Release|Any CPU
		{67E57A69-7D6E-430A-ADB6-12EDEAD8AB1B}.Release|Any CPU.Build.0 = Release|Any CPU
		{F616F6D0-C6B4-4088-9175-EACB5EDE9740}.Debug|Any CPU.ActiveCfg = Debug|Any CPU
		{F616F6D0-C6B4-4088-9175-EACB5EDE9740}.Debug|Any CPU.Build.0 = Debug|Any CPU
		{F616F6D0-C6B4-4088-9175-EACB5EDE9740}.Release|Any CPU.ActiveCfg = Release|Any CPU
		{F616F6D0-C6B4-4088-9175-EACB5EDE9740}.Release|Any CPU.Build.0 = Release|Any CPU
		{BB518975-0D2A-4FFB-A55B-CB79F9D887CF}.Debug|Any CPU.ActiveCfg = Debug|Any CPU
		{BB518975-0D2A-4FFB-A55B-CB79F9D887CF}.Debug|Any CPU.Build.0 = Debug|Any CPU
		{BB518975-0D2A-4FFB-A55B-CB79F9D887CF}.Release|Any CPU.ActiveCfg = Release|Any CPU
		{BB518975-0D2A-4FFB-A55B-CB79F9D887CF}.Release|Any CPU.Build.0 = Release|Any CPU
		{8493B467-E3E2-4F72-B215-79D1307A14A6}.Debug|Any CPU.ActiveCfg = Debug|Any CPU
		{8493B467-E3E2-4F72-B215-79D1307A14A6}.Debug|Any CPU.Build.0 = Debug|Any CPU
		{8493B467-E3E2-4F72-B215-79D1307A14A6}.Release|Any CPU.ActiveCfg = Release|Any CPU
		{8493B467-E3E2-4F72-B215-79D1307A14A6}.Release|Any CPU.Build.0 = Release|Any CPU
		{35CD7B19-97F5-4E80-BEE5-C4B6F45E3986}.Debug|Any CPU.ActiveCfg = Debug|Any CPU
		{35CD7B19-97F5-4E80-BEE5-C4B6F45E3986}.Debug|Any CPU.Build.0 = Debug|Any CPU
		{35CD7B19-97F5-4E80-BEE5-C4B6F45E3986}.Release|Any CPU.ActiveCfg = Release|Any CPU
		{35CD7B19-97F5-4E80-BEE5-C4B6F45E3986}.Release|Any CPU.Build.0 = Release|Any CPU
		{A29A50ED-1FBF-42CF-BB96-8E69635C137A}.Debug|Any CPU.ActiveCfg = Debug|Any CPU
		{A29A50ED-1FBF-42CF-BB96-8E69635C137A}.Debug|Any CPU.Build.0 = Debug|Any CPU
		{A29A50ED-1FBF-42CF-BB96-8E69635C137A}.Release|Any CPU.ActiveCfg = Release|Any CPU
		{A29A50ED-1FBF-42CF-BB96-8E69635C137A}.Release|Any CPU.Build.0 = Release|Any CPU
		{0A01FF85-F40B-45B0-B48C-7E5B38A1FE7C}.Debug|Any CPU.ActiveCfg = Debug|Any CPU
		{0A01FF85-F40B-45B0-B48C-7E5B38A1FE7C}.Debug|Any CPU.Build.0 = Debug|Any CPU
		{0A01FF85-F40B-45B0-B48C-7E5B38A1FE7C}.Release|Any CPU.ActiveCfg = Release|Any CPU
		{0A01FF85-F40B-45B0-B48C-7E5B38A1FE7C}.Release|Any CPU.Build.0 = Release|Any CPU
		{6511BD76-7842-4DCB-92ED-B1E4CF4A0AB7}.Debug|Any CPU.ActiveCfg = Debug|Any CPU
		{6511BD76-7842-4DCB-92ED-B1E4CF4A0AB7}.Debug|Any CPU.Build.0 = Debug|Any CPU
		{6511BD76-7842-4DCB-92ED-B1E4CF4A0AB7}.Release|Any CPU.ActiveCfg = Release|Any CPU
		{6511BD76-7842-4DCB-92ED-B1E4CF4A0AB7}.Release|Any CPU.Build.0 = Release|Any CPU
	EndGlobalSection
	GlobalSection(SolutionProperties) = preSolution
		HideSolutionNode = FALSE
	EndGlobalSection
	GlobalSection(NestedProjects) = preSolution
		{60ACD6A5-B82A-4B1A-B440-553C720B3A40} = {7133550F-A6E8-435A-8BD1-CCE2FCCDF718}
		{82280134-0C96-45A5-BE8F-35ED46F9EA54} = {60ACD6A5-B82A-4B1A-B440-553C720B3A40}
		{ED51BED1-047C-43E1-B4DF-E76F57F31F36} = {7133550F-A6E8-435A-8BD1-CCE2FCCDF718}
		{5BB729B9-DED2-471D-9531-3A1661FCEABE} = {7133550F-A6E8-435A-8BD1-CCE2FCCDF718}
		{7DA12F67-71CC-4943-A526-5799ECDE0307} = {ED51BED1-047C-43E1-B4DF-E76F57F31F36}
		{DAFE0C75-CCC9-4DC3-B983-D957F7835303} = {ED51BED1-047C-43E1-B4DF-E76F57F31F36}
		{F20C177F-4778-46CB-A633-65EECD75CD02} = {5BB729B9-DED2-471D-9531-3A1661FCEABE}
		{06A50665-9F6F-4FA6-B7F9-3CB9135EE710} = {5BB729B9-DED2-471D-9531-3A1661FCEABE}
		{7FB03678-54DF-4279-BD81-67AC843F4E98} = {7902C9F8-349C-4A7C-B62E-180F609E990B}
		{3C3C1990-82E1-4D6D-AB4F-6B52A0A77D67} = {7902C9F8-349C-4A7C-B62E-180F609E990B}
		{0CC8CAC0-3425-4E57-96D8-DBE70EAD736A} = {7902C9F8-349C-4A7C-B62E-180F609E990B}
		{F5B8A016-6423-4F4E-BE1A-02B071319DCE} = {7FB03678-54DF-4279-BD81-67AC843F4E98}
		{A50766A7-A859-495F-968F-D702876EC53E} = {3C3C1990-82E1-4D6D-AB4F-6B52A0A77D67}
		{F4EBBB90-E2B5-40A3-B900-D2EDF876493A} = {3C3C1990-82E1-4D6D-AB4F-6B52A0A77D67}
		{6C0CD5F5-E046-4779-A3AC-EBB7DCCDE0C9} = {0CC8CAC0-3425-4E57-96D8-DBE70EAD736A}
		{223D88C8-DDFF-4020-ABD8-B7E603FDAE8E} = {0CC8CAC0-3425-4E57-96D8-DBE70EAD736A}
		{06922211-70FB-4B47-91BB-712530C3EAFC} = {FD248202-E7BB-42BA-B1B1-8DFD8A128A4E}
		{E16B2251-D8DE-48A5-880B-6D9DEAC54796} = {06922211-70FB-4B47-91BB-712530C3EAFC}
		{9E716FE2-7C38-44BF-8BF3-2CE38F8395AE} = {FD248202-E7BB-42BA-B1B1-8DFD8A128A4E}
		{73C79C52-5115-4BE0-9D6B-3334FB5B3C88} = {9E716FE2-7C38-44BF-8BF3-2CE38F8395AE}
		{DD671520-D5A2-46F1-B926-116C9DBE47EB} = {FD248202-E7BB-42BA-B1B1-8DFD8A128A4E}
		{226F1206-AF0C-4900-9B36-8CA7B2B85826} = {DD671520-D5A2-46F1-B926-116C9DBE47EB}
		{A0814740-AAA1-48D1-B3A7-1F0FCF33D890} = {DD671520-D5A2-46F1-B926-116C9DBE47EB}
		{E2C71262-D5E9-4CFD-9543-D5552ED1336B} = {9E716FE2-7C38-44BF-8BF3-2CE38F8395AE}
		{DC73C513-2A42-41A3-920E-39BCD4027D9A} = {F73A038D-324C-4ED7-A952-610079A2CFDD}
		{71C32ED5-A7DA-4A15-AAF7-63A3D61C32EC} = {F73A038D-324C-4ED7-A952-610079A2CFDD}
		{70F1F632-B3F4-4F0F-915C-46120A82363C} = {F73A038D-324C-4ED7-A952-610079A2CFDD}
		{75291C60-7D3D-4EC0-B1A9-F70ACD754CBB} = {DC73C513-2A42-41A3-920E-39BCD4027D9A}
		{3C1D8CA2-3578-4908-B2CB-31A37373D7B1} = {71C32ED5-A7DA-4A15-AAF7-63A3D61C32EC}
		{67E57A69-7D6E-430A-ADB6-12EDEAD8AB1B} = {71C32ED5-A7DA-4A15-AAF7-63A3D61C32EC}
		{F616F6D0-C6B4-4088-9175-EACB5EDE9740} = {70F1F632-B3F4-4F0F-915C-46120A82363C}
		{BB518975-0D2A-4FFB-A55B-CB79F9D887CF} = {70F1F632-B3F4-4F0F-915C-46120A82363C}
		{35A31A75-C7FE-477D-A778-4D3ADD63DE2E} = {97003EBF-E378-4540-B653-7DE752268704}
		{FF6CFB77-0EA4-45CF-83AF-A71CAA611AE4} = {97003EBF-E378-4540-B653-7DE752268704}
		{4FF38B82-DA0A-49CC-ADDA-DDEAD9161AE9} = {97003EBF-E378-4540-B653-7DE752268704}
		{8493B467-E3E2-4F72-B215-79D1307A14A6} = {FF6CFB77-0EA4-45CF-83AF-A71CAA611AE4}
		{35CD7B19-97F5-4E80-BEE5-C4B6F45E3986} = {35A31A75-C7FE-477D-A778-4D3ADD63DE2E}
		{A29A50ED-1FBF-42CF-BB96-8E69635C137A} = {4FF38B82-DA0A-49CC-ADDA-DDEAD9161AE9}
		{0A01FF85-F40B-45B0-B48C-7E5B38A1FE7C} = {35A31A75-C7FE-477D-A778-4D3ADD63DE2E}
		{6511BD76-7842-4DCB-92ED-B1E4CF4A0AB7} = {4FF38B82-DA0A-49CC-ADDA-DDEAD9161AE9}
	EndGlobalSection
	GlobalSection(ExtensibilityGlobals) = postSolution
		SolutionGuid = {F54D0313-0E32-4075-840E-AFE48CD127E2}
	EndGlobalSection
EndGlobal
